<Solution>
  <Project Path="tests/Collectary.Core.Tests/Collectary.Core.Tests.csproj" />
  <Project Path="tests/Collectary.Infrastructure.Tests/Collectary.Infrastructure.Tests.csproj" />
  <Project Path="tests/Collectary.UI.Tests/Collectary.UI.Tests.csproj" />
  <Project Path="src/Collectary.Core/Collectary.Core.csproj" />
  <Project Path="src/Collectary.Infrastructure/Collectary.Infrastructure.csproj" />
  <Project Path="src/Collectary.Presentation/Collectary.Presentation.csproj" />
  <Project Path="src/Collectary.UI.Android/Collectary.UI.Android.csproj" />
  <Project Path="src/Collectary.UI.Browser/Collectary.UI.Browser.csproj" />
  <Project Path="src/Collectary.UI.Desktop/Collectary.UI.Desktop.csproj" />
  <Project Path="src/Collectary.UI.iOS/Collectary.UI.iOS.csproj" />
  <Project Path="src/Collectary.UI/Collectary.UI.csproj" />
</Solution>
